
Microsoft Visual Studio Solution File, Format Version 12.00
# Visual Studio Version 17
VisualStudioVersion = 17.5.33530.505
MinimumVisualStudioVersion = 10.0.40219.1
Project("{9A19103F-16F7-4668-BE54-9A1E7A4F7556}") = "myWebApp", "myWebApp.csproj", "{F79C757B-93E6-478F-80C0-8CD75C197783}"
EndProject
Global
	GlobalSection(SolutionConfigurationPlatforms) = preSolution
		Debug|Any CPU = Debug|Any CPU
		Release|Any CPU = Release|Any CPU
	EndGlobalSection
	GlobalSection(ProjectConfigurationPlatforms) = postSolution
		{F79C757B-93E6-478F-80C0-8CD75C197783}.Debug|Any CPU.ActiveCfg = Debug|Any CPU
		{F79C757B-93E6-478F-80C0-8CD75C197783}.Debug|Any CPU.Build.0 = Debug|Any CPU
		{F79C757B-93E6-478F-80C0-8CD75C197783}.Release|Any CPU.ActiveCfg = Release|Any CPU
		{F79C757B-93E6-478F-80C0-8CD75C197783}.Release|Any CPU.Build.0 = Release|Any CPU
	EndGlobalSection
	GlobalSection(SolutionProperties) = preSolution
		HideSolutionNode = FALSE
	EndGlobalSection
	GlobalSection(ExtensibilityGlobals) = postSolution
		SolutionGuid = {61825E77-7C2A-4146-804C-610B089957A1}
	EndGlobalSection
EndGlobal
